// !$*UTF8*$!
{
	archiveVersion = 1;
	classes = {
	};
	objectVersion = 50;
	objects = {

/* Begin PBXBuildFile section */
		4DC1CB1127E4BE0E000F867A /* AppDelegate.swift in Sources */ = {isa = PBXBuildFile; fileRef = 4DC1CB1027E4BE0E000F867A /* AppDelegate.swift */; };
		4DC1CB1327E4BE0E000F867A /* SceneDelegate.swift in Sources */ = {isa = PBXBuildFile; fileRef = 4DC1CB1227E4BE0E000F867A /* SceneDelegate.swift */; };
		4DC1CB1527E4BE0E000F867A /* ViewController.swift in Sources */ = {isa = PBXBuildFile; fileRef = 4DC1CB1427E4BE0E000F867A /* ViewController.swift */; };
		4DC1CB1827E4BE0E000F867A /* Main.storyboard in Resources */ = {isa = PBXBuildFile; fileRef = 4DC1CB1627E4BE0E000F867A /* Main.storyboard */; };
		4DC1CB1A27E4BE0F000F867A /* Assets.xcassets in Resources */ = {isa = PBXBuildFile; fileRef = 4DC1CB1927E4BE0F000F867A /* Assets.xcassets */; };
		4DC1CB1D27E4BE0F000F867A /* LaunchScreen.storyboard in Resources */ = {isa = PBXBuildFile; fileRef = 4DC1CB1B27E4BE0F000F867A /* LaunchScreen.storyboard */; };
		4DC1CB2827E4BE10000F867A /* PhoneAppTests.swift in Sources */ = {isa = PBXBuildFile; fileRef = 4DC1CB2727E4BE10000F867A /* PhoneAppTests.swift */; };
		4DC1CB3327E4BE10000F867A /* PhoneAppUITests.swift in Sources */ = {isa = PBXBuildFile; fileRef = 4DC1CB3227E4BE10000F867A /* PhoneAppUITests.swift */; };
		4DC1CB4127E4BE2E000F867A /* PhoneEntry.swift in Sources */ = {isa = PBXBuildFile; fileRef = 4DC1CB4027E4BE2E000F867A /* PhoneEntry.swift */; };
/* End PBXBuildFile section */

/* Begin PBXContainerItemProxy section */
		4DC1CB2427E4BE10000F867A /* PBXContainerItemProxy */ = {
			isa = PBXContainerItemProxy;
			containerPortal = 4DC1CB0527E4BE0E000F867A /* Project object */;
			proxyType = 1;
			remoteGlobalIDString = 4DC1CB0C27E4BE0E000F867A;
			remoteInfo = PhoneApp;
		};
		4DC1CB2F27E4BE10000F867A /* PBXContainerItemProxy */ = {
			isa = PBXContainerItemProxy;
			containerPortal = 4DC1CB0527E4BE0E000F867A /* Project object */;
			proxyType = 1;
			remoteGlobalIDString = 4DC1CB0C27E4BE0E000F867A;
			remoteInfo = PhoneApp;
		};
/* End PBXContainerItemProxy section */

/* Begin PBXFileReference section */
		4DC1CB0D27E4BE0E000F867A /* PhoneApp.app */ = {isa = PBXFileReference; explicitFileType = wrapper.application; includeInIndex = 0; path = PhoneApp.app; sourceTree = BUILT_PRODUCTS_DIR; };
		4DC1CB1027E4BE0E000F867A /* AppDelegate.swift */ = {isa = PBXFileReference; lastKnownFileType = sourcecode.swift; path = AppDelegate.swift; sourceTree = "<group>"; };
		4DC1CB1227E4BE0E000F867A /* SceneDelegate.swift */ = {isa = PBXFileReference; lastKnownFileType = sourcecode.swift; path = SceneDelegate.swift; sourceTree = "<group>"; };
		4DC1CB1427E4BE0E000F867A /* ViewController.swift */ = {isa = PBXFileReference; lastKnownFileType = sourcecode.swift; path = ViewController.swift; sourceTree = "<group>"; };
		4DC1CB1727E4BE0E000F867A /* Base */ = {isa = PBXFileReference; lastKnownFileType = file.storyboard; name = Base; path = Base.lproj/Main.storyboard; sourceTree = "<group>"; };
		4DC1CB1927E4BE0F000F867A /* Assets.xcassets */ = {isa = PBXFileReference; lastKnownFileType = folder.assetcatalog; path = Assets.xcassets; sourceTree = "<group>"; };
		4DC1CB1C27E4BE0F000F867A /* Base */ = {isa = PBXFileReference; lastKnownFileType = file.storyboard; name = Base; path = Base.lproj/LaunchScreen.storyboard; sourceTree = "<group>"; };
		4DC1CB1E27E4BE0F000F867A /* Info.plist */ = {isa = PBXFileReference; lastKnownFileType = text.plist.xml; path = Info.plist; sourceTree = "<group>"; };
		4DC1CB2327E4BE10000F867A /* PhoneAppTests.xctest */ = {isa = PBXFileReference; explicitFileType = wrapper.cfbundle; includeInIndex = 0; path = PhoneAppTests.xctest; sourceTree = BUILT_PRODUCTS_DIR; };
		4DC1CB2727E4BE10000F867A /* PhoneAppTests.swift */ = {isa = PBXFileReference; lastKnownFileType = sourcecode.swift; path = PhoneAppTests.swift; sourceTree = "<group>"; };
		4DC1CB2927E4BE10000F867A /* Info.plist */ = {isa = PBXFileReference; lastKnownFileType = text.plist.xml; path = Info.plist; sourceTree = "<group>"; };
		4DC1CB2E27E4BE10000F867A /* PhoneAppUITests.xctest */ = {isa = PBXFileReference; explicitFileType = wrapper.cfbundle; includeInIndex = 0; path = PhoneAppUITests.xctest; sourceTree = BUILT_PRODUCTS_DIR; };
		4DC1CB3227E4BE10000F867A /* PhoneAppUITests.swift */ = {isa = PBXFileReference; lastKnownFileType = sourcecode.swift; path = PhoneAppUITests.swift; sourceTree = "<group>"; };
		4DC1CB3427E4BE10000F867A /* Info.plist */ = {isa = PBXFileReference; lastKnownFileType = text.plist.xml; path = Info.plist; sourceTree = "<group>"; };
		4DC1CB4027E4BE2E000F867A /* PhoneEntry.swift */ = {isa = PBXFileReference; lastKnownFileType = sourcecode.swift; path = PhoneEntry.swift; sourceTree = "<group>"; };
/* End PBXFileReference section */

/* Begin PBXFrameworksBuildPhase section */
		4DC1CB0A27E4BE0E000F867A /* Frameworks */ = {
			isa = PBXFrameworksBuildPhase;
			buildActionMask = 2147483647;
			files = (
			);
			runOnlyForDeploymentPostprocessing = 0;
		};
		4DC1CB2027E4BE10000F867A /* Frameworks */ = {
			isa = PBXFrameworksBuildPhase;
			buildActionMask = 2147483647;
			files = (
			);
			runOnlyForDeploymentPostprocessing = 0;
		};
		4DC1CB2B27E4BE10000F867A /* Frameworks */ = {
			isa = PBXFrameworksBuildPhase;
			buildActionMask = 2147483647;
			files = (
			);
			runOnlyForDeploymentPostprocessing = 0;
		};
/* End PBXFrameworksBuildPhase section */

/* Begin PBXGroup section */
		4DC1CB0427E4BE0E000F867A = {
			isa = PBXGroup;
			children = (
				4DC1CB0F27E4BE0E000F867A /* PhoneApp */,
				4DC1CB2627E4BE10000F867A /* PhoneAppTests */,
				4DC1CB3127E4BE10000F867A /* PhoneAppUITests */,
				4DC1CB0E27E4BE0E000F867A /* Products */,
			);
			sourceTree = "<group>";
		};
		4DC1CB0E27E4BE0E000F867A /* Products */ = {
			isa = PBXGroup;
			children = (
				4DC1CB0D27E4BE0E000F867A /* PhoneApp.app */,
				4DC1CB2327E4BE10000F867A /* PhoneAppTests.xctest */,
				4DC1CB2E27E4BE10000F867A /* PhoneAppUITests.xctest */,
			);
			name = Products;
			sourceTree = "<group>";
		};
		4DC1CB0F27E4BE0E000F867A /* PhoneApp */ = {
			isa = PBXGroup;
			children = (
				4DC1CB1027E4BE0E000F867A /* AppDelegate.swift */,
				4DC1CB1227E4BE0E000F867A /* SceneDelegate.swift */,
				4DC1CB1427E4BE0E000F867A /* ViewController.swift */,
				4DC1CB1627E4BE0E000F867A /* Main.storyboard */,
				4DC1CB1927E4BE0F000F867A /* Assets.xcassets */,
				4DC1CB1B27E4BE0F000F867A /* LaunchScreen.storyboard */,
				4DC1CB1E27E4BE0F000F867A /* Info.plist */,
				4DC1CB4027E4BE2E000F867A /* PhoneEntry.swift */,
			);
			path = PhoneApp;
			sourceTree = "<group>";
		};
		4DC1CB2627E4BE10000F867A /* PhoneAppTests */ = {
			isa = PBXGroup;
			children = (
				4DC1CB2727E4BE10000F867A /* PhoneAppTests.swift */,
				4DC1CB2927E4BE10000F867A /* Info.plist */,
			);
			path = PhoneAppTests;
			sourceTree = "<group>";
		};
		4DC1CB3127E4BE10000F867A /* PhoneAppUITests */ = {
			isa = PBXGroup;
			children = (
				4DC1CB3227E4BE10000F867A /* PhoneAppUITests.swift */,
				4DC1CB3427E4BE10000F867A /* Info.plist */,
			);
			path = PhoneAppUITests;
			sourceTree = "<group>";
		};
/* End PBXGroup section */

/* Begin PBXNativeTarget section */
		4DC1CB0C27E4BE0E000F867A /* PhoneApp */ = {
			isa = PBXNativeTarget;
			buildConfigurationList = 4DC1CB3727E4BE10000F867A /* Build configuration list for PBXNativeTarget "PhoneApp" */;
			buildPhases = (
				4DC1CB0927E4BE0E000F867A /* Sources */,
				4DC1CB0A27E4BE0E000F867A /* Frameworks */,
				4DC1CB0B27E4BE0E000F867A /* Resources */,
			);
			buildRules = (
			);
			dependencies = (
			);
			name = PhoneApp;
			productName = PhoneApp;
			productReference = 4DC1CB0D27E4BE0E000F867A /* PhoneApp.app */;
			productType = "com.apple.product-type.application";
		};
		4DC1CB2227E4BE10000F867A /* PhoneAppTests */ = {
			isa = PBXNativeTarget;
			buildConfigurationList = 4DC1CB3A27E4BE10000F867A /* Build configuration list for PBXNativeTarget "PhoneAppTests" */;
			buildPhases = (
				4DC1CB1F27E4BE10000F867A /* Sources */,
				4DC1CB2027E4BE10000F867A /* Frameworks */,
				4DC1CB2127E4BE10000F867A /* Resources */,
			);
			buildRules = (
			);
			dependencies = (
				4DC1CB2527E4BE10000F867A /* PBXTargetDependency */,
			);
			name = PhoneAppTests;
			productName = PhoneAppTests;
			productReference = 4DC1CB2327E4BE10000F867A /* PhoneAppTests.xctest */;
			productType = "com.apple.product-type.bundle.unit-test";
		};
		4DC1CB2D27E4BE10000F867A /* PhoneAppUITests */ = {
			isa = PBXNativeTarget;
			buildConfigurationList = 4DC1CB3D27E4BE10000F867A /* Build configuration list for PBXNativeTarget "PhoneAppUITests" */;
			buildPhases = (
				4DC1CB2A27E4BE10000F867A /* Sources */,
				4DC1CB2B27E4BE10000F867A /* Frameworks */,
				4DC1CB2C27E4BE10000F867A /* Resources */,
			);
			buildRules = (
			);
			dependencies = (
				4DC1CB3027E4BE10000F867A /* PBXTargetDependency */,
			);
			name = PhoneAppUITests;
			productName = PhoneAppUITests;
			productReference = 4DC1CB2E27E4BE10000F867A /* PhoneAppUITests.xctest */;
			productType = "com.apple.product-type.bundle.ui-testing";
		};
/* End PBXNativeTarget section */

/* Begin PBXProject section */
		4DC1CB0527E4BE0E000F867A /* Project object */ = {
			isa = PBXProject;
			attributes = {
				LastSwiftUpdateCheck = 1250;
				LastUpgradeCheck = 1250;
				TargetAttributes = {
					4DC1CB0C27E4BE0E000F867A = {
						CreatedOnToolsVersion = 12.5.1;
					};
					4DC1CB2227E4BE10000F867A = {
						CreatedOnToolsVersion = 12.5.1;
						TestTargetID = 4DC1CB0C27E4BE0E000F867A;
					};
					4DC1CB2D27E4BE10000F867A = {
						CreatedOnToolsVersion = 12.5.1;
						TestTargetID = 4DC1CB0C27E4BE0E000F867A;
					};
				};
			};
			buildConfigurationList = 4DC1CB0827E4BE0E000F867A /* Build configuration list for PBXProject "PhoneApp" */;
			compatibilityVersion = "Xcode 9.3";
			developmentRegion = en;
			hasScannedForEncodings = 0;
			knownRegions = (
				en,
				Base,
			);
			mainGroup = 4DC1CB0427E4BE0E000F867A;
			productRefGroup = 4DC1CB0E27E4BE0E000F867A /* Products */;
			projectDirPath = "";
			projectRoot = "";
			targets = (
				4DC1CB0C27E4BE0E000F867A /* PhoneApp */,
				4DC1CB2227E4BE10000F867A /* PhoneAppTests */,
				4DC1CB2D27E4BE10000F867A /* PhoneAppUITests */,
			);
		};
/* End PBXProject section */

/* Begin PBXResourcesBuildPhase section */
		4DC1CB0B27E4BE0E000F867A /* Resources */ = {
			isa = PBXResourcesBuildPhase;
			buildActionMask = 2147483647;
			files = (
				4DC1CB1D27E4BE0F000F867A /* LaunchScreen.storyboard in Resources */,
				4DC1CB1A27E4BE0F000F867A /* Assets.xcassets in Resources */,
				4DC1CB1827E4BE0E000F867A /* Main.storyboard in Resources */,
			);
			runOnlyForDeploymentPostprocessing = 0;
		};
		4DC1CB2127E4BE10000F867A /* Resources */ = {
			isa = PBXResourcesBuildPhase;
			buildActionMask = 2147483647;
			files = (
			);
			runOnlyForDeploymentPostprocessing = 0;
		};
		4DC1CB2C27E4BE10000F867A /* Resources */ = {
			isa = PBXResourcesBuildPhase;
			buildActionMask = 2147483647;
			files = (
			);
			runOnlyForDeploymentPostprocessing = 0;
		};
/* End PBXResourcesBuildPhase section */

/* Begin PBXSourcesBuildPhase section */
		4DC1CB0927E4BE0E000F867A /* Sources */ = {
			isa = PBXSourcesBuildPhase;
			buildActionMask = 2147483647;
			files = (
				4DC1CB1527E4BE0E000F867A /* ViewController.swift in Sources */,
				4DC1CB1127E4BE0E000F867A /* AppDelegate.swift in Sources */,
				4DC1CB1327E4BE0E000F867A /* SceneDelegate.swift in Sources */,
				4DC1CB4127E4BE2E000F867A /* PhoneEntry.swift in Sources */,
			);
			runOnlyForDeploymentPostprocessing = 0;
		};
		4DC1CB1F27E4BE10000F867A /* Sources */ = {
			isa = PBXSourcesBuildPhase;
			buildActionMask = 2147483647;
			files = (
				4DC1CB2827E4BE10000F867A /* PhoneAppTests.swift in Sources */,
			);
			runOnlyForDeploymentPostprocessing = 0;
		};
		4DC1CB2A27E4BE10000F867A /* Sources */ = {
			isa = PBXSourcesBuildPhase;
			buildActionMask = 2147483647;
			files = (
				4DC1CB3327E4BE10000F867A /* PhoneAppUITests.swift in Sources */,
			);
			runOnlyForDeploymentPostprocessing = 0;
		};
/* End PBXSourcesBuildPhase section */

/* Begin PBXTargetDependency section */
		4DC1CB2527E4BE10000F867A /* PBXTargetDependency */ = {
			isa = PBXTargetDependency;
			target = 4DC1CB0C27E4BE0E000F867A /* PhoneApp */;
			targetProxy = 4DC1CB2427E4BE10000F867A /* PBXContainerItemProxy */;
		};
		4DC1CB3027E4BE10000F867A /* PBXTargetDependency */ = {
			isa = PBXTargetDependency;
			target = 4DC1CB0C27E4BE0E000F867A /* PhoneApp */;
			targetProxy = 4DC1CB2F27E4BE10000F867A /* PBXContainerItemProxy */;
		};
/* End PBXTargetDependency section */

/* Begin PBXVariantGroup section */
		4DC1CB1627E4BE0E000F867A /* Main.storyboard */ = {
			isa = PBXVariantGroup;
			children = (
				4DC1CB1727E4BE0E000F867A /* Base */,
			);
			name = Main.storyboard;
			sourceTree = "<group>";
		};
		4DC1CB1B27E4BE0F000F867A /* LaunchScreen.storyboard */ = {
			isa = PBXVariantGroup;
			children = (
				4DC1CB1C27E4BE0F000F867A /* Base */,
			);
			name = LaunchScreen.storyboard;
			sourceTree = "<group>";
		};
/* End PBXVariantGroup section */

/* Begin XCBuildConfiguration section */
		4DC1CB3527E4BE10000F867A /* Debug */ = {
			isa = XCBuildConfiguration;
			buildSettings = {
				ALWAYS_SEARCH_USER_PATHS = NO;
				CLANG_ANALYZER_NONNULL = YES;
				CLANG_ANALYZER_NUMBER_OBJECT_CONVERSION = YES_AGGRESSIVE;
				CLANG_CXX_LANGUAGE_STANDARD = "gnu++14";
				CLANG_CXX_LIBRARY = "libc++";
				CLANG_ENABLE_MODULES = YES;
				CLANG_ENABLE_OBJC_ARC = YES;
				CLANG_ENABLE_OBJC_WEAK = YES;
				CLANG_WARN_BLOCK_CAPTURE_AUTORELEASING = YES;
				CLANG_WARN_BOOL_CONVERSION = YES;
				CLANG_WARN_COMMA = YES;
				CLANG_WARN_CONSTANT_CONVERSION = YES;
				CLANG_WARN_DEPRECATED_OBJC_IMPLEMENTATIONS = YES;
				CLANG_WARN_DIRECT_OBJC_ISA_USAGE = YES_ERROR;
				CLANG_WARN_DOCUMENTATION_COMMENTS = YES;
				CLANG_WARN_EMPTY_BODY = YES;
				CLANG_WARN_ENUM_CONVERSION = YES;
				CLANG_WARN_INFINITE_RECURSION = YES;
				CLANG_WARN_INT_CONVERSION = YES;
				CLANG_WARN_NON_LITERAL_NULL_CONVERSION = YES;
				CLANG_WARN_OBJC_IMPLICIT_RETAIN_SELF = YES;
				CLANG_WARN_OBJC_LITERAL_CONVERSION = YES;
				CLANG_WARN_OBJC_ROOT_CLASS = YES_ERROR;
				CLANG_WARN_QUOTED_INCLUDE_IN_FRAMEWORK_HEADER = YES;
				CLANG_WARN_RANGE_LOOP_ANALYSIS = YES;
				CLANG_WARN_STRICT_PROTOTYPES = YES;
				CLANG_WARN_SUSPICIOUS_MOVE = YES;
				CLANG_WARN_UNGUARDED_AVAILABILITY = YES_AGGRESSIVE;
				CLANG_WARN_UNREACHABLE_CODE = YES;
				CLANG_WARN__DUPLICATE_METHOD_MATCH = YES;
				COPY_PHASE_STRIP = NO;
				DEBUG_INFORMATION_FORMAT = dwarf;
				ENABLE_STRICT_OBJC_MSGSEND = YES;
				ENABLE_TESTABILITY = YES;
				GCC_C_LANGUAGE_STANDARD = gnu11;
				GCC_DYNAMIC_NO_PIC = NO;
				GCC_NO_COMMON_BLOCKS = YES;
				GCC_OPTIMIZATION_LEVEL = 0;
				GCC_PREPROCESSOR_DEFINITIONS = (
					"DEBUG=1",
					"$(inherited)",
				);
				GCC_WARN_64_TO_32_BIT_CONVERSION = YES;
				GCC_WARN_ABOUT_RETURN_TYPE = YES_ERROR;
				GCC_WARN_UNDECLARED_SELECTOR = YES;
				GCC_WARN_UNINITIALIZED_AUTOS = YES_AGGRESSIVE;
				GCC_WARN_UNUSED_FUNCTION = YES;
				GCC_WARN_UNUSED_VARIABLE = YES;
				IPHONEOS_DEPLOYMENT_TARGET = 14.5;
				MTL_ENABLE_DEBUG_INFO = INCLUDE_SOURCE;
				MTL_FAST_MATH = YES;
				ONLY_ACTIVE_ARCH = YES;
				SDKROOT = iphoneos;
				SWIFT_ACTIVE_COMPILATION_CONDITIONS = DEBUG;
				SWIFT_OPTIMIZATION_LEVEL = "-Onone";
			};
			name = Debug;
		};
		4DC1CB3627E4BE10000F867A /* Release */ = {
			isa = XCBuildConfiguration;
			buildSettings = {
				ALWAYS_SEARCH_USER_PATHS = NO;
				CLANG_ANALYZER_NONNULL = YES;
				CLANG_ANALYZER_NUMBER_OBJECT_CONVERSION = YES_AGGRESSIVE;
				CLANG_CXX_LANGUAGE_STANDARD = "gnu++14";
				CLANG_CXX_LIBRARY = "libc++";
				CLANG_ENABLE_MODULES = YES;
				CLANG_ENABLE_OBJC_ARC = YES;
				CLANG_ENABLE_OBJC_WEAK = YES;
				CLANG_WARN_BLOCK_CAPTURE_AUTORELEASING = YES;
				CLANG_WARN_BOOL_CONVERSION = YES;
				CLANG_WARN_COMMA = YES;
				CLANG_WARN_CONSTANT_CONVERSION = YES;
				CLANG_WARN_DEPRECATED_OBJC_IMPLEMENTATIONS = YES;
				CLANG_WARN_DIRECT_OBJC_ISA_USAGE = YES_ERROR;
				CLANG_WARN_DOCUMENTATION_COMMENTS = YES;
				CLANG_WARN_EMPTY_BODY = YES;
				CLANG_WARN_ENUM_CONVERSION = YES;
				CLANG_WARN_INFINITE_RECURSION = YES;
				CLANG_WARN_INT_CONVERSION = YES;
				CLANG_WARN_NON_LITERAL_NULL_CONVERSION = YES;
				CLANG_WARN_OBJC_IMPLICIT_RETAIN_SELF = YES;
				CLANG_WARN_OBJC_LITERAL_CONVERSION = YES;
				CLANG_WARN_OBJC_ROOT_CLASS = YES_ERROR;
				CLANG_WARN_QUOTED_INCLUDE_IN_FRAMEWORK_HEADER = YES;
				CLANG_WARN_RANGE_LOOP_ANALYSIS = YES;
				CLANG_WARN_STRICT_PROTOTYPES = YES;
				CLANG_WARN_SUSPICIOUS_MOVE = YES;
				CLANG_WARN_UNGUARDED_AVAILABILITY = YES_AGGRESSIVE;
				CLANG_WARN_UNREACHABLE_CODE = YES;
				CLANG_WARN__DUPLICATE_METHOD_MATCH = YES;
				COPY_PHASE_STRIP = NO;
				DEBUG_INFORMATION_FORMAT = "dwarf-with-dsym";
				ENABLE_NS_ASSERTIONS = NO;
				ENABLE_STRICT_OBJC_MSGSEND = YES;
				GCC_C_LANGUAGE_STANDARD = gnu11;
				GCC_NO_COMMON_BLOCKS = YES;
				GCC_WARN_64_TO_32_BIT_CONVERSION = YES;
				GCC_WARN_ABOUT_RETURN_TYPE = YES_ERROR;
				GCC_WARN_UNDECLARED_SELECTOR = YES;
				GCC_WARN_UNINITIALIZED_AUTOS = YES_AGGRESSIVE;
				GCC_WARN_UNUSED_FUNCTION = YES;
				GCC_WARN_UNUSED_VARIABLE = YES;
				IPHONEOS_DEPLOYMENT_TARGET = 14.5;
				MTL_ENABLE_DEBUG_INFO = NO;
				MTL_FAST_MATH = YES;
				SDKROOT = iphoneos;
				SWIFT_COMPILATION_MODE = wholemodule;
				SWIFT_OPTIMIZATION_LEVEL = "-O";
				VALIDATE_PRODUCT = YES;
			};
			name = Release;
		};
		4DC1CB3827E4BE10000F867A /* Debug */ = {
			isa = XCBuildConfiguration;
			buildSettings = {
				ASSETCATALOG_COMPILER_APPICON_NAME = AppIcon;
				ASSETCATALOG_COMPILER_GLOBAL_ACCENT_COLOR_NAME = AccentColor;
				CODE_SIGN_STYLE = Automatic;
				INFOPLIST_FILE = PhoneApp/Info.plist;
				LD_RUNPATH_SEARCH_PATHS = (
					"$(inherited)",
					"@executable_path/Frameworks",
				);
				PRODUCT_BUNDLE_IDENTIFIER = tutorial.PhoneApp;
				PRODUCT_NAME = "$(TARGET_NAME)";
				SWIFT_VERSION = 5.0;
				TARGETED_DEVICE_FAMILY = "1,2";
			};
			name = Debug;
		};
		4DC1CB3927E4BE10000F867A /* Release */ = {
			isa = XCBuildConfiguration;
			buildSettings = {
				ASSETCATALOG_COMPILER_APPICON_NAME = AppIcon;
				ASSETCATALOG_COMPILER_GLOBAL_ACCENT_COLOR_NAME = AccentColor;
				CODE_SIGN_STYLE = Automatic;
				INFOPLIST_FILE = PhoneApp/Info.plist;
				LD_RUNPATH_SEARCH_PATHS = (
					"$(inherited)",
					"@executable_path/Frameworks",
				);
				PRODUCT_BUNDLE_IDENTIFIER = tutorial.PhoneApp;
				PRODUCT_NAME = "$(TARGET_NAME)";
				SWIFT_VERSION = 5.0;
				TARGETED_DEVICE_FAMILY = "1,2";
			};
			name = Release;
		};
		4DC1CB3B27E4BE10000F867A /* Debug */ = {
			isa = XCBuildConfiguration;
			buildSettings = {
				ALWAYS_EMBED_SWIFT_STANDARD_LIBRARIES = YES;
				BUNDLE_LOADER = "$(TEST_HOST)";
				CODE_SIGN_STYLE = Automatic;
				INFOPLIST_FILE = PhoneAppTests/Info.plist;
				IPHONEOS_DEPLOYMENT_TARGET = 14.5;
				LD_RUNPATH_SEARCH_PATHS = (
					"$(inherited)",
					"@executable_path/Frameworks",
					"@loader_path/Frameworks",
				);
				PRODUCT_BUNDLE_IDENTIFIER = tutorial.PhoneAppTests;
				PRODUCT_NAME = "$(TARGET_NAME)";
				SWIFT_VERSION = 5.0;
				TARGETED_DEVICE_FAMILY = "1,2";
				TEST_HOST = "$(BUILT_PRODUCTS_DIR)/PhoneApp.app/PhoneApp";
			};
			name = Debug;
		};
		4DC1CB3C27E4BE10000F867A /* Release */ = {
			isa = XCBuildConfiguration;
			buildSettings = {
				ALWAYS_EMBED_SWIFT_STANDARD_LIBRARIES = YES;
				BUNDLE_LOADER = "$(TEST_HOST)";
				CODE_SIGN_STYLE = Automatic;
				INFOPLIST_FILE = PhoneAppTests/Info.plist;
				IPHONEOS_DEPLOYMENT_TARGET = 14.5;
				LD_RUNPATH_SEARCH_PATHS = (
					"$(inherited)",
					"@executable_path/Frameworks",
					"@loader_path/Frameworks",
				);
				PRODUCT_BUNDLE_IDENTIFIER = tutorial.PhoneAppTests;
				PRODUCT_NAME = "$(TARGET_NAME)";
				SWIFT_VERSION = 5.0;
				TARGETED_DEVICE_FAMILY = "1,2";
				TEST_HOST = "$(BUILT_PRODUCTS_DIR)/PhoneApp.app/PhoneApp";
			};
			name = Release;
		};
		4DC1CB3E27E4BE10000F867A /* Debug */ = {
			isa = XCBuildConfiguration;
			buildSettings = {
				ALWAYS_EMBED_SWIFT_STANDARD_LIBRARIES = YES;
				CODE_SIGN_STYLE = Automatic;
				INFOPLIST_FILE = PhoneAppUITests/Info.plist;
				LD_RUNPATH_SEARCH_PATHS = (
					"$(inherited)",
					"@executable_path/Frameworks",
					"@loader_path/Frameworks",
				);
				PRODUCT_BUNDLE_IDENTIFIER = tutorial.PhoneAppUITests;
				PRODUCT_NAME = "$(TARGET_NAME)";
				SWIFT_VERSION = 5.0;
				TARGETED_DEVICE_FAMILY = "1,2";
				TEST_TARGET_NAME = PhoneApp;
			};
			name = Debug;
		};
		4DC1CB3F27E4BE10000F867A /* Release */ = {
			isa = XCBuildConfiguration;
			buildSettings = {
				ALWAYS_EMBED_SWIFT_STANDARD_LIBRARIES = YES;
				CODE_SIGN_STYLE = Automatic;
				INFOPLIST_FILE = PhoneAppUITests/Info.plist;
				LD_RUNPATH_SEARCH_PATHS = (
					"$(inherited)",
					"@executable_path/Frameworks",
					"@loader_path/Frameworks",
				);
				PRODUCT_BUNDLE_IDENTIFIER = tutorial.PhoneAppUITests;
				PRODUCT_NAME = "$(TARGET_NAME)";
				SWIFT_VERSION = 5.0;
				TARGETED_DEVICE_FAMILY = "1,2";
				TEST_TARGET_NAME = PhoneApp;
			};
			name = Release;
		};
/* End XCBuildConfiguration section */

/* Begin XCConfigurationList section */
		4DC1CB0827E4BE0E000F867A /* Build configuration list for PBXProject "PhoneApp" */ = {
			isa = XCConfigurationList;
			buildConfigurations = (
				4DC1CB3527E4BE10000F867A /* Debug */,
				4DC1CB3627E4BE10000F867A /* Release */,
			);
			defaultConfigurationIsVisible = 0;
			defaultConfigurationName = Release;
		};
		4DC1CB3727E4BE10000F867A /* Build configuration list for PBXNativeTarget "PhoneApp" */ = {
			isa = XCConfigurationList;
			buildConfigurations = (
				4DC1CB3827E4BE10000F867A /* Debug */,
				4DC1CB3927E4BE10000F867A /* Release */,
			);
			defaultConfigurationIsVisible = 0;
			defaultConfigurationName = Release;
		};
		4DC1CB3A27E4BE10000F867A /* Build configuration list for PBXNativeTarget "PhoneAppTests" */ = {
			isa = XCConfigurationList;
			buildConfigurations = (
				4DC1CB3B27E4BE10000F867A /* Debug */,
				4DC1CB3C27E4BE10000F867A /* Release */,
			);
			defaultConfigurationIsVisible = 0;
			defaultConfigurationName = Release;
		};
		4DC1CB3D27E4BE10000F867A /* Build configuration list for PBXNativeTarget "PhoneAppUITests" */ = {
			isa = XCConfigurationList;
			buildConfigurations = (
				4DC1CB3E27E4BE10000F867A /* Debug */,
				4DC1CB3F27E4BE10000F867A /* Release */,
			);
			defaultConfigurationIsVisible = 0;
			defaultConfigurationName = Release;
		};
/* End XCConfigurationList section */
	};
	rootObject = 4DC1CB0527E4BE0E000F867A /* Project object */;
}
